// !$*UTF8*$!
{
	archiveVersion = 1;
	classes = {
	};
	objectVersion = 46;
	objects = {

/* Begin PBXBuildFile section */
		1DFF64F01D1D0E34001D16D0 /* main.m in Sources */ = {isa = PBXBuildFile; fileRef = 1DFF64EF1D1D0E34001D16D0 /* main.m */; };
		1DFF64FB1D1D0E34001D16D0 /* Assets.xcassets in Resources */ = {isa = PBXBuildFile; fileRef = 1DFF64FA1D1D0E34001D16D0 /* Assets.xcassets */; };
		1DFF654A1D1D0E74001D16D0 /* AppDelegate.m in Sources */ = {isa = PBXBuildFile; fileRef = 1DFF65061D1D0E74001D16D0 /* AppDelegate.m */; };
		1DFF654B1D1D0E74001D16D0 /* HLCollectionViewCell.m in Sources */ = {isa = PBXBuildFile; fileRef = 1DFF65091D1D0E74001D16D0 /* HLCollectionViewCell.m */; };
		1DFF654C1D1D0E74001D16D0 /* HLCycleScrollView.m in Sources */ = {isa = PBXBuildFile; fileRef = 1DFF650B1D1D0E74001D16D0 /* HLCycleScrollView.m */; };
		1DFF654D1D1D0E74001D16D0 /* HLAbstractDotView.m in Sources */ = {isa = PBXBuildFile; fileRef = 1DFF650E1D1D0E74001D16D0 /* HLAbstractDotView.m */; };
		1DFF654E1D1D0E74001D16D0 /* HLAnimatedDotView.m in Sources */ = {isa = PBXBuildFile; fileRef = 1DFF65101D1D0E74001D16D0 /* HLAnimatedDotView.m */; };
		1DFF654F1D1D0E74001D16D0 /* HLDotView.m in Sources */ = {isa = PBXBuildFile; fileRef = 1DFF65121D1D0E74001D16D0 /* HLDotView.m */; };
		1DFF65501D1D0E74001D16D0 /* HLPageControl.m in Sources */ = {isa = PBXBuildFile; fileRef = 1DFF65141D1D0E74001D16D0 /* HLPageControl.m */; };
		1DFF65511D1D0E74001D16D0 /* UIView+HLExtension.m in Sources */ = {isa = PBXBuildFile; fileRef = 1DFF65161D1D0E74001D16D0 /* UIView+HLExtension.m */; };
		1DFF65521D1D0E74001D16D0 /* bg.jpg in Resources */ = {isa = PBXBuildFile; fileRef = 1DFF65181D1D0E74001D16D0 /* bg.jpg */; };
		1DFF65531D1D0E74001D16D0 /* pageControlCurrentDot@2x.png in Resources */ = {isa = PBXBuildFile; fileRef = 1DFF65191D1D0E74001D16D0 /* pageControlCurrentDot@2x.png */; };
		1DFF65541D1D0E74001D16D0 /* pageControlCurrentDot@3x.png in Resources */ = {isa = PBXBuildFile; fileRef = 1DFF651A1D1D0E74001D16D0 /* pageControlCurrentDot@3x.png */; };
		1DFF65551D1D0E74001D16D0 /* pageControlDot@2x.png in Resources */ = {isa = PBXBuildFile; fileRef = 1DFF651B1D1D0E74001D16D0 /* pageControlDot@2x.png */; };
		1DFF65561D1D0E74001D16D0 /* pageControlDot@3x.png in Resources */ = {isa = PBXBuildFile; fileRef = 1DFF651C1D1D0E74001D16D0 /* pageControlDot@3x.png */; };
		1DFF65571D1D0E74001D16D0 /* pic1.jpg in Resources */ = {isa = PBXBuildFile; fileRef = 1DFF651D1D1D0E74001D16D0 /* pic1.jpg */; };
		1DFF65581D1D0E74001D16D0 /* pic2.jpg in Resources */ = {isa = PBXBuildFile; fileRef = 1DFF651E1D1D0E74001D16D0 /* pic2.jpg */; };
		1DFF65591D1D0E74001D16D0 /* pic3.jpg in Resources */ = {isa = PBXBuildFile; fileRef = 1DFF651F1D1D0E74001D16D0 /* pic3.jpg */; };
		1DFF655A1D1D0E74001D16D0 /* pic4.jpg in Resources */ = {isa = PBXBuildFile; fileRef = 1DFF65201D1D0E74001D16D0 /* pic4.jpg */; };
		1DFF655B1D1D0E74001D16D0 /* placeholder@2x.png in Resources */ = {isa = PBXBuildFile; fileRef = 1DFF65211D1D0E74001D16D0 /* placeholder@2x.png */; };
		1DFF655C1D1D0E74001D16D0 /* MKAnnotationView+WebCache.m in Sources */ = {isa = PBXBuildFile; fileRef = 1DFF65241D1D0E74001D16D0 /* MKAnnotationView+WebCache.m */; };
		1DFF655D1D1D0E74001D16D0 /* NSData+ImageContentType.m in Sources */ = {isa = PBXBuildFile; fileRef = 1DFF65261D1D0E74001D16D0 /* NSData+ImageContentType.m */; };
		1DFF655E1D1D0E74001D16D0 /* SDImageCache.m in Sources */ = {isa = PBXBuildFile; fileRef = 1DFF65281D1D0E74001D16D0 /* SDImageCache.m */; };
		1DFF655F1D1D0E74001D16D0 /* SDWebImageCompat.m in Sources */ = {isa = PBXBuildFile; fileRef = 1DFF652A1D1D0E74001D16D0 /* SDWebImageCompat.m */; };
		1DFF65601D1D0E74001D16D0 /* SDWebImageDecoder.m in Sources */ = {isa = PBXBuildFile; fileRef = 1DFF652C1D1D0E74001D16D0 /* SDWebImageDecoder.m */; };
		1DFF65611D1D0E74001D16D0 /* SDWebImageDownloader.m in Sources */ = {isa = PBXBuildFile; fileRef = 1DFF652E1D1D0E74001D16D0 /* SDWebImageDownloader.m */; };
		1DFF65621D1D0E74001D16D0 /* SDWebImageDownloaderOperation.m in Sources */ = {isa = PBXBuildFile; fileRef = 1DFF65301D1D0E74001D16D0 /* SDWebImageDownloaderOperation.m */; };
		1DFF65631D1D0E74001D16D0 /* SDWebImageManager.m in Sources */ = {isa = PBXBuildFile; fileRef = 1DFF65321D1D0E74001D16D0 /* SDWebImageManager.m */; };
		1DFF65641D1D0E74001D16D0 /* SDWebImagePrefetcher.m in Sources */ = {isa = PBXBuildFile; fileRef = 1DFF65351D1D0E74001D16D0 /* SDWebImagePrefetcher.m */; };
		1DFF65651D1D0E74001D16D0 /* UIButton+WebCache.m in Sources */ = {isa = PBXBuildFile; fileRef = 1DFF65371D1D0E74001D16D0 /* UIButton+WebCache.m */; };
		1DFF65661D1D0E74001D16D0 /* UIImage+GIF.m in Sources */ = {isa = PBXBuildFile; fileRef = 1DFF65391D1D0E74001D16D0 /* UIImage+GIF.m */; };
		1DFF65671D1D0E74001D16D0 /* UIImage+MultiFormat.m in Sources */ = {isa = PBXBuildFile; fileRef = 1DFF653B1D1D0E74001D16D0 /* UIImage+MultiFormat.m */; };
		1DFF65681D1D0E74001D16D0 /* UIImage+WebP.m in Sources */ = {isa = PBXBuildFile; fileRef = 1DFF653D1D1D0E74001D16D0 /* UIImage+WebP.m */; };
		1DFF65691D1D0E74001D16D0 /* UIImageView+HighlightedWebCache.m in Sources */ = {isa = PBXBuildFile; fileRef = 1DFF653F1D1D0E74001D16D0 /* UIImageView+HighlightedWebCache.m */; };
		1DFF656A1D1D0E74001D16D0 /* UIImageView+WebCache.m in Sources */ = {isa = PBXBuildFile; fileRef = 1DFF65411D1D0E74001D16D0 /* UIImageView+WebCache.m */; };
		1DFF656B1D1D0E74001D16D0 /* UIView+WebCacheOperation.m in Sources */ = {isa = PBXBuildFile; fileRef = 1DFF65431D1D0E74001D16D0 /* UIView+WebCacheOperation.m */; };
		1DFF656C1D1D0E74001D16D0 /* ViewController.m in Sources */ = {isa = PBXBuildFile; fileRef = 1DFF65451D1D0E74001D16D0 /* ViewController.m */; };
		1DFF656D1D1D0E74001D16D0 /* DemoVCWithXib.m in Sources */ = {isa = PBXBuildFile; fileRef = 1DFF65481D1D0E74001D16D0 /* DemoVCWithXib.m */; };
		1DFF656E1D1D0E74001D16D0 /* DemoVCWithXib.xib in Resources */ = {isa = PBXBuildFile; fileRef = 1DFF65491D1D0E74001D16D0 /* DemoVCWithXib.xib */; };
/* End PBXBuildFile section */

/* Begin PBXFileReference section */
		1DFF64EB1D1D0E34001D16D0 /* HLCycleScrollView.app */ = {isa = PBXFileReference; explicitFileType = wrapper.application; includeInIndex = 0; path = HLCycleScrollView.app; sourceTree = BUILT_PRODUCTS_DIR; };
		1DFF64EF1D1D0E34001D16D0 /* main.m */ = {isa = PBXFileReference; lastKnownFileType = sourcecode.c.objc; path = main.m; sourceTree = "<group>"; };
		1DFF64FA1D1D0E34001D16D0 /* Assets.xcassets */ = {isa = PBXFileReference; lastKnownFileType = folder.assetcatalog; path = Assets.xcassets; sourceTree = "<group>"; };
		1DFF64FF1D1D0E34001D16D0 /* Info.plist */ = {isa = PBXFileReference; lastKnownFileType = text.plist.xml; path = Info.plist; sourceTree = "<group>"; };
		1DFF65051D1D0E74001D16D0 /* AppDelegate.h */ = {isa = PBXFileReference; fileEncoding = 4; lastKnownFileType = sourcecode.c.h; path = AppDelegate.h; sourceTree = "<group>"; };
		1DFF65061D1D0E74001D16D0 /* AppDelegate.m */ = {isa = PBXFileReference; fileEncoding = 4; lastKnownFileType = sourcecode.c.objc; path = AppDelegate.m; sourceTree = "<group>"; };
		1DFF65081D1D0E74001D16D0 /* HLCollectionViewCell.h */ = {isa = PBXFileReference; fileEncoding = 4; lastKnownFileType = sourcecode.c.h; path = HLCollectionViewCell.h; sourceTree = "<group>"; };
		1DFF65091D1D0E74001D16D0 /* HLCollectionViewCell.m */ = {isa = PBXFileReference; fileEncoding = 4; lastKnownFileType = sourcecode.c.objc; path = HLCollectionViewCell.m; sourceTree = "<group>"; };
		1DFF650A1D1D0E74001D16D0 /* HLCycleScrollView.h */ = {isa = PBXFileReference; fileEncoding = 4; lastKnownFileType = sourcecode.c.h; path = HLCycleScrollView.h; sourceTree = "<group>"; };
		1DFF650B1D1D0E74001D16D0 /* HLCycleScrollView.m */ = {isa = PBXFileReference; fileEncoding = 4; lastKnownFileType = sourcecode.c.objc; path = HLCycleScrollView.m; sourceTree = "<group>"; };
		1DFF650D1D1D0E74001D16D0 /* HLAbstractDotView.h */ = {isa = PBXFileReference; fileEncoding = 4; lastKnownFileType = sourcecode.c.h; path = HLAbstractDotView.h; sourceTree = "<group>"; };
		1DFF650E1D1D0E74001D16D0 /* HLAbstractDotView.m */ = {isa = PBXFileReference; fileEncoding = 4; lastKnownFileType = sourcecode.c.objc; path = HLAbstractDotView.m; sourceTree = "<group>"; };
		1DFF650F1D1D0E74001D16D0 /* HLAnimatedDotView.h */ = {isa = PBXFileReference; fileEncoding = 4; lastKnownFileType = sourcecode.c.h; path = HLAnimatedDotView.h; sourceTree = "<group>"; };
		1DFF65101D1D0E74001D16D0 /* HLAnimatedDotView.m */ = {isa = PBXFileReference; fileEncoding = 4; lastKnownFileType = sourcecode.c.objc; path = HLAnimatedDotView.m; sourceTree = "<group>"; };
		1DFF65111D1D0E74001D16D0 /* HLDotView.h */ = {isa = PBXFileReference; fileEncoding = 4; lastKnownFileType = sourcecode.c.h; path = HLDotView.h; sourceTree = "<group>"; };
		1DFF65121D1D0E74001D16D0 /* HLDotView.m */ = {isa = PBXFileReference; fileEncoding = 4; lastKnownFileType = sourcecode.c.objc; path = HLDotView.m; sourceTree = "<group>"; };
		1DFF65131D1D0E74001D16D0 /* HLPageControl.h */ = {isa = PBXFileReference; fileEncoding = 4; lastKnownFileType = sourcecode.c.h; path = HLPageControl.h; sourceTree = "<group>"; };
		1DFF65141D1D0E74001D16D0 /* HLPageControl.m */ = {isa = PBXFileReference; fileEncoding = 4; lastKnownFileType = sourcecode.c.objc; path = HLPageControl.m; sourceTree = "<group>"; };
		1DFF65151D1D0E74001D16D0 /* UIView+HLExtension.h */ = {isa = PBXFileReference; fileEncoding = 4; lastKnownFileType = sourcecode.c.h; path = "UIView+HLExtension.h"; sourceTree = "<group>"; };
		1DFF65161D1D0E74001D16D0 /* UIView+HLExtension.m */ = {isa = PBXFileReference; fileEncoding = 4; lastKnownFileType = sourcecode.c.objc; path = "UIView+HLExtension.m"; sourceTree = "<group>"; };
		1DFF65181D1D0E74001D16D0 /* bg.jpg */ = {isa = PBXFileReference; lastKnownFileType = image.jpeg; path = bg.jpg; sourceTree = "<group>"; };
		1DFF65191D1D0E74001D16D0 /* pageControlCurrentDot@2x.png */ = {isa = PBXFileReference; lastKnownFileType = image.png; path = "pageControlCurrentDot@2x.png"; sourceTree = "<group>"; };
		1DFF651A1D1D0E74001D16D0 /* pageControlCurrentDot@3x.png */ = {isa = PBXFileReference; lastKnownFileType = image.png; path = "pageControlCurrentDot@3x.png"; sourceTree = "<group>"; };
		1DFF651B1D1D0E74001D16D0 /* pageControlDot@2x.png */ = {isa = PBXFileReference; lastKnownFileType = image.png; path = "pageControlDot@2x.png"; sourceTree = "<group>"; };
		1DFF651C1D1D0E74001D16D0 /* pageControlDot@3x.png */ = {isa = PBXFileReference; lastKnownFileType = image.png; path = "pageControlDot@3x.png"; sourceTree = "<group>"; };
		1DFF651D1D1D0E74001D16D0 /* pic1.jpg */ = {isa = PBXFileReference; lastKnownFileType = image.jpeg; path = pic1.jpg; sourceTree = "<group>"; };
		1DFF651E1D1D0E74001D16D0 /* pic2.jpg */ = {isa = PBXFileReference; lastKnownFileType = image.jpeg; path = pic2.jpg; sourceTree = "<group>"; };
		1DFF651F1D1D0E74001D16D0 /* pic3.jpg */ = {isa = PBXFileReference; lastKnownFileType = image.jpeg; path = pic3.jpg; sourceTree = "<group>"; };
		1DFF65201D1D0E74001D16D0 /* pic4.jpg */ = {isa = PBXFileReference; lastKnownFileType = image.jpeg; path = pic4.jpg; sourceTree = "<group>"; };
		1DFF65211D1D0E74001D16D0 /* placeholder@2x.png */ = {isa = PBXFileReference; lastKnownFileType = image.png; path = "placeholder@2x.png"; sourceTree = "<group>"; };
		1DFF65231D1D0E74001D16D0 /* MKAnnotationView+WebCache.h */ = {isa = PBXFileReference; fileEncoding = 4; lastKnownFileType = sourcecode.c.h; path = "MKAnnotationView+WebCache.h"; sourceTree = "<group>"; };
		1DFF65241D1D0E74001D16D0 /* MKAnnotationView+WebCache.m */ = {isa = PBXFileReference; fileEncoding = 4; lastKnownFileType = sourcecode.c.objc; path = "MKAnnotationView+WebCache.m"; sourceTree = "<group>"; };
		1DFF65251D1D0E74001D16D0 /* NSData+ImageContentType.h */ = {isa = PBXFileReference; fileEncoding = 4; lastKnownFileType = sourcecode.c.h; path = "NSData+ImageContentType.h"; sourceTree = "<group>"; };
		1DFF65261D1D0E74001D16D0 /* NSData+ImageContentType.m */ = {isa = PBXFileReference; fileEncoding = 4; lastKnownFileType = sourcecode.c.objc; path = "NSData+ImageContentType.m"; sourceTree = "<group>"; };
		1DFF65271D1D0E74001D16D0 /* SDImageCache.h */ = {isa = PBXFileReference; fileEncoding = 4; lastKnownFileType = sourcecode.c.h; path = SDImageCache.h; sourceTree = "<group>"; };
		1DFF65281D1D0E74001D16D0 /* SDImageCache.m */ = {isa = PBXFileReference; fileEncoding = 4; lastKnownFileType = sourcecode.c.objc; path = SDImageCache.m; sourceTree = "<group>"; };
		1DFF65291D1D0E74001D16D0 /* SDWebImageCompat.h */ = {isa = PBXFileReference; fileEncoding = 4; lastKnownFileType = sourcecode.c.h; path = SDWebImageCompat.h; sourceTree = "<group>"; };
		1DFF652A1D1D0E74001D16D0 /* SDWebImageCompat.m */ = {isa = PBXFileReference; fileEncoding = 4; lastKnownFileType = sourcecode.c.objc; path = SDWebImageCompat.m; sourceTree = "<group>"; };
		1DFF652B1D1D0E74001D16D0 /* SDWebImageDecoder.h */ = {isa = PBXFileReference; fileEncoding = 4; lastKnownFileType = sourcecode.c.h; path = SDWebImageDecoder.h; sourceTree = "<group>"; };
		1DFF652C1D1D0E74001D16D0 /* SDWebImageDecoder.m */ = {isa = PBXFileReference; fileEncoding = 4; lastKnownFileType = sourcecode.c.objc; path = SDWebImageDecoder.m; sourceTree = "<group>"; };
		1DFF652D1D1D0E74001D16D0 /* SDWebImageDownloader.h */ = {isa = PBXFileReference; fileEncoding = 4; lastKnownFileType = sourcecode.c.h; path = SDWebImageDownloader.h; sourceTree = "<group>"; };
		1DFF652E1D1D0E74001D16D0 /* SDWebImageDownloader.m */ = {isa = PBXFileReference; fileEncoding = 4; lastKnownFileType = sourcecode.c.objc; path = SDWebImageDownloader.m; sourceTree = "<group>"; };
		1DFF652F1D1D0E74001D16D0 /* SDWebImageDownloaderOperation.h */ = {isa = PBXFileReference; fileEncoding = 4; lastKnownFileType = sourcecode.c.h; path = SDWebImageDownloaderOperation.h; sourceTree = "<group>"; };
		1DFF65301D1D0E74001D16D0 /* SDWebImageDownloaderOperation.m */ = {isa = PBXFileReference; fileEncoding = 4; lastKnownFileType = sourcecode.c.objc; path = SDWebImageDownloaderOperation.m; sourceTree = "<group>"; };
		1DFF65311D1D0E74001D16D0 /* SDWebImageManager.h */ = {isa = PBXFileReference; fileEncoding = 4; lastKnownFileType = sourcecode.c.h; path = SDWebImageManager.h; sourceTree = "<group>"; };
		1DFF65321D1D0E74001D16D0 /* SDWebImageManager.m */ = {isa = PBXFileReference; fileEncoding = 4; lastKnownFileType = sourcecode.c.objc; path = SDWebImageManager.m; sourceTree = "<group>"; };
		1DFF65331D1D0E74001D16D0 /* SDWebImageOperation.h */ = {isa = PBXFileReference; fileEncoding = 4; lastKnownFileType = sourcecode.c.h; path = SDWebImageOperation.h; sourceTree = "<group>"; };
		1DFF65341D1D0E74001D16D0 /* SDWebImagePrefetcher.h */ = {isa = PBXFileReference; fileEncoding = 4; lastKnownFileType = sourcecode.c.h; path = SDWebImagePrefetcher.h; sourceTree = "<group>"; };
		1DFF65351D1D0E74001D16D0 /* SDWebImagePrefetcher.m */ = {isa = PBXFileReference; fileEncoding = 4; lastKnownFileType = sourcecode.c.objc; path = SDWebImagePrefetcher.m; sourceTree = "<group>"; };
		1DFF65361D1D0E74001D16D0 /* UIButton+WebCache.h */ = {isa = PBXFileReference; fileEncoding = 4; lastKnownFileType = sourcecode.c.h; path = "UIButton+WebCache.h"; sourceTree = "<group>"; };
		1DFF65371D1D0E74001D16D0 /* UIButton+WebCache.m */ = {isa = PBXFileReference; fileEncoding = 4; lastKnownFileType = sourcecode.c.objc; path = "UIButton+WebCache.m"; sourceTree = "<group>"; };
		1DFF65381D1D0E74001D16D0 /* UIImage+GIF.h */ = {isa = PBXFileReference; fileEncoding = 4; lastKnownFileType = sourcecode.c.h; path = "UIImage+GIF.h"; sourceTree = "<group>"; };
		1DFF65391D1D0E74001D16D0 /* UIImage+GIF.m */ = {isa = PBXFileReference; fileEncoding = 4; lastKnownFileType = sourcecode.c.objc; path = "UIImage+GIF.m"; sourceTree = "<group>"; };
		1DFF653A1D1D0E74001D16D0 /* UIImage+MultiFormat.h */ = {isa = PBXFileReference; fileEncoding = 4; lastKnownFileType = sourcecode.c.h; path = "UIImage+MultiFormat.h"; sourceTree = "<group>"; };
		1DFF653B1D1D0E74001D16D0 /* UIImage+MultiFormat.m */ = {isa = PBXFileReference; fileEncoding = 4; lastKnownFileType = sourcecode.c.objc; path = "UIImage+MultiFormat.m"; sourceTree = "<group>"; };
		1DFF653C1D1D0E74001D16D0 /* UIImage+WebP.h */ = {isa = PBXFileReference; fileEncoding = 4; lastKnownFileType = sourcecode.c.h; path = "UIImage+WebP.h"; sourceTree = "<group>"; };
		1DFF653D1D1D0E74001D16D0 /* UIImage+WebP.m */ = {isa = PBXFileReference; fileEncoding = 4; lastKnownFileType = sourcecode.c.objc; path = "UIImage+WebP.m"; sourceTree = "<group>"; };
		1DFF653E1D1D0E74001D16D0 /* UIImageView+HighlightedWebCache.h */ = {isa = PBXFileReference; fileEncoding = 4; lastKnownFileType = sourcecode.c.h; path = "UIImageView+HighlightedWebCache.h"; sourceTree = "<group>"; };
		1DFF653F1D1D0E74001D16D0 /* UIImageView+HighlightedWebCache.m */ = {isa = PBXFileReference; fileEncoding = 4; lastKnownFileType = sourcecode.c.objc; path = "UIImageView+HighlightedWebCache.m"; sourceTree = "<group>"; };
		1DFF65401D1D0E74001D16D0 /* UIImageView+WebCache.h */ = {isa = PBXFileReference; fileEncoding = 4; lastKnownFileType = sourcecode.c.h; path = "UIImageView+WebCache.h"; sourceTree = "<group>"; };
		1DFF65411D1D0E74001D16D0 /* UIImageView+WebCache.m */ = {isa = PBXFileReference; fileEncoding = 4; lastKnownFileType = sourcecode.c.objc; path = "UIImageView+WebCache.m"; sourceTree = "<group>"; };
		1DFF65421D1D0E74001D16D0 /* UIView+WebCacheOperation.h */ = {isa = PBXFileReference; fileEncoding = 4; lastKnownFileType = sourcecode.c.h; path = "UIView+WebCacheOperation.h"; sourceTree = "<group>"; };
		1DFF65431D1D0E74001D16D0 /* UIView+WebCacheOperation.m */ = {isa = PBXFileReference; fileEncoding = 4; lastKnownFileType = sourcecode.c.objc; path = "UIView+WebCacheOperation.m"; sourceTree = "<group>"; };
		1DFF65441D1D0E74001D16D0 /* ViewController.h */ = {isa = PBXFileReference; fileEncoding = 4; lastKnownFileType = sourcecode.c.h; path = ViewController.h; sourceTree = "<group>"; };
		1DFF65451D1D0E74001D16D0 /* ViewController.m */ = {isa = PBXFileReference; fileEncoding = 4; lastKnownFileType = sourcecode.c.objc; path = ViewController.m; sourceTree = "<group>"; };
		1DFF65471D1D0E74001D16D0 /* DemoVCWithXib.h */ = {isa = PBXFileReference; fileEncoding = 4; lastKnownFileType = sourcecode.c.h; path = DemoVCWithXib.h; sourceTree = "<group>"; };
		1DFF65481D1D0E74001D16D0 /* DemoVCWithXib.m */ = {isa = PBXFileReference; fileEncoding = 4; lastKnownFileType = sourcecode.c.objc; path = DemoVCWithXib.m; sourceTree = "<group>"; };
		1DFF65491D1D0E74001D16D0 /* DemoVCWithXib.xib */ = {isa = PBXFileReference; fileEncoding = 4; lastKnownFileType = file.xib; path = DemoVCWithXib.xib; sourceTree = "<group>"; };
/* End PBXFileReference section */

/* Begin PBXFrameworksBuildPhase section */
		1DFF64E81D1D0E34001D16D0 /* Frameworks */ = {
			isa = PBXFrameworksBuildPhase;
			buildActionMask = 2147483647;
			files = (
			);
			runOnlyForDeploymentPostprocessing = 0;
		};
/* End PBXFrameworksBuildPhase section */

/* Begin PBXGroup section */
		1DFF64E21D1D0E34001D16D0 = {
			isa = PBXGroup;
			children = (
				1DFF64ED1D1D0E34001D16D0 /* HLCycleScrollView */,
				1DFF64EC1D1D0E34001D16D0 /* Products */,
			);
			sourceTree = "<group>";
		};
		1DFF64EC1D1D0E34001D16D0 /* Products */ = {
			isa = PBXGroup;
			children = (
				1DFF64EB1D1D0E34001D16D0 /* HLCycleScrollView.app */,
			);
			name = Products;
			sourceTree = "<group>";
		};
		1DFF64ED1D1D0E34001D16D0 /* HLCycleScrollView */ = {
			isa = PBXGroup;
			children = (
				1DFF65051D1D0E74001D16D0 /* AppDelegate.h */,
				1DFF65061D1D0E74001D16D0 /* AppDelegate.m */,
				1DFF65071D1D0E74001D16D0 /* HLCycleScrollView */,
				1DFF65171D1D0E74001D16D0 /* Resource */,
				1DFF65221D1D0E74001D16D0 /* SDWebImage */,
				1DFF65441D1D0E74001D16D0 /* ViewController.h */,
				1DFF65451D1D0E74001D16D0 /* ViewController.m */,
				1DFF65461D1D0E74001D16D0 /* xib的demo */,
				1DFF64FA1D1D0E34001D16D0 /* Assets.xcassets */,
				1DFF64FF1D1D0E34001D16D0 /* Info.plist */,
				1DFF64EE1D1D0E34001D16D0 /* Supporting Files */,
			);
			path = HLCycleScrollView;
			sourceTree = "<group>";
		};
		1DFF64EE1D1D0E34001D16D0 /* Supporting Files */ = {
			isa = PBXGroup;
			children = (
				1DFF64EF1D1D0E34001D16D0 /* main.m */,
			);
			name = "Supporting Files";
			sourceTree = "<group>";
		};
		1DFF65071D1D0E74001D16D0 /* HLCycleScrollView */ = {
			isa = PBXGroup;
			children = (
				1DFF65081D1D0E74001D16D0 /* HLCollectionViewCell.h */,
				1DFF65091D1D0E74001D16D0 /* HLCollectionViewCell.m */,
				1DFF650A1D1D0E74001D16D0 /* HLCycleScrollView.h */,
				1DFF650B1D1D0E74001D16D0 /* HLCycleScrollView.m */,
				1DFF650C1D1D0E74001D16D0 /* PageControl */,
				1DFF65151D1D0E74001D16D0 /* UIView+HLExtension.h */,
				1DFF65161D1D0E74001D16D0 /* UIView+HLExtension.m */,
			);
			path = HLCycleScrollView;
			sourceTree = "<group>";
		};
		1DFF650C1D1D0E74001D16D0 /* PageControl */ = {
			isa = PBXGroup;
			children = (
				1DFF650D1D1D0E74001D16D0 /* HLAbstractDotView.h */,
				1DFF650E1D1D0E74001D16D0 /* HLAbstractDotView.m */,
				1DFF650F1D1D0E74001D16D0 /* HLAnimatedDotView.h */,
				1DFF65101D1D0E74001D16D0 /* HLAnimatedDotView.m */,
				1DFF65111D1D0E74001D16D0 /* HLDotView.h */,
				1DFF65121D1D0E74001D16D0 /* HLDotView.m */,
				1DFF65131D1D0E74001D16D0 /* HLPageControl.h */,
				1DFF65141D1D0E74001D16D0 /* HLPageControl.m */,
			);
			path = PageControl;
			sourceTree = "<group>";
		};
		1DFF65171D1D0E74001D16D0 /* Resource */ = {
			isa = PBXGroup;
			children = (
				1DFF65181D1D0E74001D16D0 /* bg.jpg */,
				1DFF65191D1D0E74001D16D0 /* pageControlCurrentDot@2x.png */,
				1DFF651A1D1D0E74001D16D0 /* pageControlCurrentDot@3x.png */,
				1DFF651B1D1D0E74001D16D0 /* pageControlDot@2x.png */,
				1DFF651C1D1D0E74001D16D0 /* pageControlDot@3x.png */,
				1DFF651D1D1D0E74001D16D0 /* pic1.jpg */,
				1DFF651E1D1D0E74001D16D0 /* pic2.jpg */,
				1DFF651F1D1D0E74001D16D0 /* pic3.jpg */,
				1DFF65201D1D0E74001D16D0 /* pic4.jpg */,
				1DFF65211D1D0E74001D16D0 /* placeholder@2x.png */,
			);
			path = Resource;
			sourceTree = "<group>";
		};
		1DFF65221D1D0E74001D16D0 /* SDWebImage */ = {
			isa = PBXGroup;
			children = (
				1DFF65231D1D0E74001D16D0 /* MKAnnotationView+WebCache.h */,
				1DFF65241D1D0E74001D16D0 /* MKAnnotationView+WebCache.m */,
				1DFF65251D1D0E74001D16D0 /* NSData+ImageContentType.h */,
				1DFF65261D1D0E74001D16D0 /* NSData+ImageContentType.m */,
				1DFF65271D1D0E74001D16D0 /* SDImageCache.h */,
				1DFF65281D1D0E74001D16D0 /* SDImageCache.m */,
				1DFF65291D1D0E74001D16D0 /* SDWebImageCompat.h */,
				1DFF652A1D1D0E74001D16D0 /* SDWebImageCompat.m */,
				1DFF652B1D1D0E74001D16D0 /* SDWebImageDecoder.h */,
				1DFF652C1D1D0E74001D16D0 /* SDWebImageDecoder.m */,
				1DFF652D1D1D0E74001D16D0 /* SDWebImageDownloader.h */,
				1DFF652E1D1D0E74001D16D0 /* SDWebImageDownloader.m */,
				1DFF652F1D1D0E74001D16D0 /* SDWebImageDownloaderOperation.h */,
				1DFF65301D1D0E74001D16D0 /* SDWebImageDownloaderOperation.m */,
				1DFF65311D1D0E74001D16D0 /* SDWebImageManager.h */,
				1DFF65321D1D0E74001D16D0 /* SDWebImageManager.m */,
				1DFF65331D1D0E74001D16D0 /* SDWebImageOperation.h */,
				1DFF65341D1D0E74001D16D0 /* SDWebImagePrefetcher.h */,
				1DFF65351D1D0E74001D16D0 /* SDWebImagePrefetcher.m */,
				1DFF65361D1D0E74001D16D0 /* UIButton+WebCache.h */,
				1DFF65371D1D0E74001D16D0 /* UIButton+WebCache.m */,
				1DFF65381D1D0E74001D16D0 /* UIImage+GIF.h */,
				1DFF65391D1D0E74001D16D0 /* UIImage+GIF.m */,
				1DFF653A1D1D0E74001D16D0 /* UIImage+MultiFormat.h */,
				1DFF653B1D1D0E74001D16D0 /* UIImage+MultiFormat.m */,
				1DFF653C1D1D0E74001D16D0 /* UIImage+WebP.h */,
				1DFF653D1D1D0E74001D16D0 /* UIImage+WebP.m */,
				1DFF653E1D1D0E74001D16D0 /* UIImageView+HighlightedWebCache.h */,
				1DFF653F1D1D0E74001D16D0 /* UIImageView+HighlightedWebCache.m */,
				1DFF65401D1D0E74001D16D0 /* UIImageView+WebCache.h */,
				1DFF65411D1D0E74001D16D0 /* UIImageView+WebCache.m */,
				1DFF65421D1D0E74001D16D0 /* UIView+WebCacheOperation.h */,
				1DFF65431D1D0E74001D16D0 /* UIView+WebCacheOperation.m */,
			);
			path = SDWebImage;
			sourceTree = "<group>";
		};
		1DFF65461D1D0E74001D16D0 /* xib的demo */ = {
			isa = PBXGroup;
			children = (
				1DFF65471D1D0E74001D16D0 /* DemoVCWithXib.h */,
				1DFF65481D1D0E74001D16D0 /* DemoVCWithXib.m */,
				1DFF65491D1D0E74001D16D0 /* DemoVCWithXib.xib */,
			);
			path = "xib的demo";
			sourceTree = "<group>";
		};
/* End PBXGroup section */

/* Begin PBXNativeTarget section */
		1DFF64EA1D1D0E34001D16D0 /* HLCycleScrollView */ = {
			isa = PBXNativeTarget;
			buildConfigurationList = 1DFF65021D1D0E34001D16D0 /* Build configuration list for PBXNativeTarget "HLCycleScrollView" */;
			buildPhases = (
				1DFF64E71D1D0E34001D16D0 /* Sources */,
				1DFF64E81D1D0E34001D16D0 /* Frameworks */,
				1DFF64E91D1D0E34001D16D0 /* Resources */,
			);
			buildRules = (
			);
			dependencies = (
			);
			name = HLCycleScrollView;
			productName = HLCycleScrollView;
			productReference = 1DFF64EB1D1D0E34001D16D0 /* HLCycleScrollView.app */;
			productType = "com.apple.product-type.application";
		};
/* End PBXNativeTarget section */

/* Begin PBXProject section */
		1DFF64E31D1D0E34001D16D0 /* Project object */ = {
			isa = PBXProject;
			attributes = {
				LastUpgradeCheck = 0730;
				ORGANIZATIONNAME = LHL;
				TargetAttributes = {
					1DFF64EA1D1D0E34001D16D0 = {
						CreatedOnToolsVersion = 7.3;
					};
				};
			};
			buildConfigurationList = 1DFF64E61D1D0E34001D16D0 /* Build configuration list for PBXProject "HLCycleScrollView" */;
			compatibilityVersion = "Xcode 3.2";
			developmentRegion = English;
			hasScannedForEncodings = 0;
			knownRegions = (
				en,
				Base,
			);
			mainGroup = 1DFF64E21D1D0E34001D16D0;
			productRefGroup = 1DFF64EC1D1D0E34001D16D0 /* Products */;
			projectDirPath = "";
			projectRoot = "";
			targets = (
				1DFF64EA1D1D0E34001D16D0 /* HLCycleScrollView */,
			);
		};
/* End PBXProject section */

/* Begin PBXResourcesBuildPhase section */
		1DFF64E91D1D0E34001D16D0 /* Resources */ = {
			isa = PBXResourcesBuildPhase;
			buildActionMask = 2147483647;
			files = (
				1DFF65561D1D0E74001D16D0 /* pageControlDot@3x.png in Resources */,
				1DFF655B1D1D0E74001D16D0 /* placeholder@2x.png in Resources */,
				1DFF655A1D1D0E74001D16D0 /* pic4.jpg in Resources */,
				1DFF656E1D1D0E74001D16D0 /* DemoVCWithXib.xib in Resources */,
				1DFF65521D1D0E74001D16D0 /* bg.jpg in Resources */,
				1DFF65531D1D0E74001D16D0 /* pageControlCurrentDot@2x.png in Resources */,
				1DFF65541D1D0E74001D16D0 /* pageControlCurrentDot@3x.png in Resources */,
				1DFF65591D1D0E74001D16D0 /* pic3.jpg in Resources */,
				1DFF65551D1D0E74001D16D0 /* pageControlDot@2x.png in Resources */,
				1DFF65581D1D0E74001D16D0 /* pic2.jpg in Resources */,
				1DFF65571D1D0E74001D16D0 /* pic1.jpg in Resources */,
				1DFF64FB1D1D0E34001D16D0 /* Assets.xcassets in Resources */,
			);
			runOnlyForDeploymentPostprocessing = 0;
		};
/* End PBXResourcesBuildPhase section */

/* Begin PBXSourcesBuildPhase section */
		1DFF64E71D1D0E34001D16D0 /* Sources */ = {
			isa = PBXSourcesBuildPhase;
			buildActionMask = 2147483647;
			files = (
				1DFF65691D1D0E74001D16D0 /* UIImageView+HighlightedWebCache.m in Sources */,
				1DFF65601D1D0E74001D16D0 /* SDWebImageDecoder.m in Sources */,
				1DFF656A1D1D0E74001D16D0 /* UIImageView+WebCache.m in Sources */,
				1DFF65511D1D0E74001D16D0 /* UIView+HLExtension.m in Sources */,
				1DFF65621D1D0E74001D16D0 /* SDWebImageDownloaderOperation.m in Sources */,
				1DFF65631D1D0E74001D16D0 /* SDWebImageManager.m in Sources */,
				1DFF656C1D1D0E74001D16D0 /* ViewController.m in Sources */,
				1DFF654C1D1D0E74001D16D0 /* HLCycleScrollView.m in Sources */,
				1DFF654A1D1D0E74001D16D0 /* AppDelegate.m in Sources */,
				1DFF65611D1D0E74001D16D0 /* SDWebImageDownloader.m in Sources */,
				1DFF655C1D1D0E74001D16D0 /* MKAnnotationView+WebCache.m in Sources */,
				1DFF655F1D1D0E74001D16D0 /* SDWebImageCompat.m in Sources */,
				1DFF65641D1D0E74001D16D0 /* SDWebImagePrefetcher.m in Sources */,
				1DFF656B1D1D0E74001D16D0 /* UIView+WebCacheOperation.m in Sources */,
				1DFF65671D1D0E74001D16D0 /* UIImage+MultiFormat.m in Sources */,
				1DFF654D1D1D0E74001D16D0 /* HLAbstractDotView.m in Sources */,
				1DFF656D1D1D0E74001D16D0 /* DemoVCWithXib.m in Sources */,
				1DFF64F01D1D0E34001D16D0 /* main.m in Sources */,
				1DFF65651D1D0E74001D16D0 /* UIButton+WebCache.m in Sources */,
				1DFF65501D1D0E74001D16D0 /* HLPageControl.m in Sources */,
				1DFF655E1D1D0E74001D16D0 /* SDImageCache.m in Sources */,
				1DFF654F1D1D0E74001D16D0 /* HLDotView.m in Sources */,
				1DFF654B1D1D0E74001D16D0 /* HLCollectionViewCell.m in Sources */,
				1DFF654E1D1D0E74001D16D0 /* HLAnimatedDotView.m in Sources */,
				1DFF65661D1D0E74001D16D0 /* UIImage+GIF.m in Sources */,
				1DFF655D1D1D0E74001D16D0 /* NSData+ImageContentType.m in Sources */,
				1DFF65681D1D0E74001D16D0 /* UIImage+WebP.m in Sources */,
			);
			runOnlyForDeploymentPostprocessing = 0;
		};
/* End PBXSourcesBuildPhase section */

/* Begin XCBuildConfiguration section */
		1DFF65001D1D0E34001D16D0 /* Debug */ = {
			isa = XCBuildConfiguration;
			buildSettings = {
				ALWAYS_SEARCH_USER_PATHS = NO;
				CLANG_ANALYZER_NONNULL = YES;
				CLANG_CXX_LANGUAGE_STANDARD = "gnu++0x";
				CLANG_CXX_LIBRARY = "libc++";
				CLANG_ENABLE_MODULES = YES;
				CLANG_ENABLE_OBJC_ARC = YES;
				CLANG_WARN_BOOL_CONVERSION = YES;
				CLANG_WARN_CONSTANT_CONVERSION = YES;
				CLANG_WARN_DIRECT_OBJC_ISA_USAGE = YES_ERROR;
				CLANG_WARN_EMPTY_BODY = YES;
				CLANG_WARN_ENUM_CONVERSION = YES;
				CLANG_WARN_INT_CONVERSION = YES;
				CLANG_WARN_OBJC_ROOT_CLASS = YES_ERROR;
				CLANG_WARN_UNREACHABLE_CODE = YES;
				CLANG_WARN__DUPLICATE_METHOD_MATCH = YES;
				"CODE_SIGN_IDENTITY[sdk=iphoneos*]" = "iPhone Developer";
				COPY_PHASE_STRIP = NO;
				DEBUG_INFORMATION_FORMAT = dwarf;
				ENABLE_STRICT_OBJC_MSGSEND = YES;
				ENABLE_TESTABILITY = YES;
				GCC_C_LANGUAGE_STANDARD = gnu99;
				GCC_DYNAMIC_NO_PIC = NO;
				GCC_NO_COMMON_BLOCKS = YES;
				GCC_OPTIMIZATION_LEVEL = 0;
				GCC_PREPROCESSOR_DEFINITIONS = (
					"DEBUG=1",
					"$(inherited)",
				);
				GCC_WARN_64_TO_32_BIT_CONVERSION = YES;
				GCC_WARN_ABOUT_RETURN_TYPE = YES_ERROR;
				GCC_WARN_UNDECLARED_SELECTOR = YES;
				GCC_WARN_UNINITIALIZED_AUTOS = YES_AGGRESSIVE;
				GCC_WARN_UNUSED_FUNCTION = YES;
				GCC_WARN_UNUSED_VARIABLE = YES;
				IPHONEOS_DEPLOYMENT_TARGET = 9.3;
				MTL_ENABLE_DEBUG_INFO = YES;
				ONLY_ACTIVE_ARCH = YES;
				SDKROOT = iphoneos;
			};
			name = Debug;
		};
		1DFF65011D1D0E34001D16D0 /* Release */ = {
			isa = XCBuildConfiguration;
			buildSettings = {
				ALWAYS_SEARCH_USER_PATHS = NO;
				CLANG_ANALYZER_NONNULL = YES;
				CLANG_CXX_LANGUAGE_STANDARD = "gnu++0x";
				CLANG_CXX_LIBRARY = "libc++";
				CLANG_ENABLE_MODULES = YES;
				CLANG_ENABLE_OBJC_ARC = YES;
				CLANG_WARN_BOOL_CONVERSION = YES;
				CLANG_WARN_CONSTANT_CONVERSION = YES;
				CLANG_WARN_DIRECT_OBJC_ISA_USAGE = YES_ERROR;
				CLANG_WARN_EMPTY_BODY = YES;
				CLANG_WARN_ENUM_CONVERSION = YES;
				CLANG_WARN_INT_CONVERSION = YES;
				CLANG_WARN_OBJC_ROOT_CLASS = YES_ERROR;
				CLANG_WARN_UNREACHABLE_CODE = YES;
				CLANG_WARN__DUPLICATE_METHOD_MATCH = YES;
				"CODE_SIGN_IDENTITY[sdk=iphoneos*]" = "iPhone Developer";
				COPY_PHASE_STRIP = NO;
				DEBUG_INFORMATION_FORMAT = "dwarf-with-dsym";
				ENABLE_NS_ASSERTIONS = NO;
				ENABLE_STRICT_OBJC_MSGSEND = YES;
				GCC_C_LANGUAGE_STANDARD = gnu99;
				GCC_NO_COMMON_BLOCKS = YES;
				GCC_WARN_64_TO_32_BIT_CONVERSION = YES;
				GCC_WARN_ABOUT_RETURN_TYPE = YES_ERROR;
				GCC_WARN_UNDECLARED_SELECTOR = YES;
				GCC_WARN_UNINITIALIZED_AUTOS = YES_AGGRESSIVE;
				GCC_WARN_UNUSED_FUNCTION = YES;
				GCC_WARN_UNUSED_VARIABLE = YES;
				IPHONEOS_DEPLOYMENT_TARGET = 9.3;
				MTL_ENABLE_DEBUG_INFO = NO;
				SDKROOT = iphoneos;
				VALIDATE_PRODUCT = YES;
			};
			name = Release;
		};
		1DFF65031D1D0E34001D16D0 /* Debug */ = {
			isa = XCBuildConfiguration;
			buildSettings = {
				ASSETCATALOG_COMPILER_APPICON_NAME = AppIcon;
				INFOPLIST_FILE = HLCycleScrollView/Info.plist;
				IPHONEOS_DEPLOYMENT_TARGET = 6.0;
				LD_RUNPATH_SEARCH_PATHS = "$(inherited) @executable_path/Frameworks";
				PRODUCT_BUNDLE_IDENTIFIER = LHL.HLCycleScrollView;
				PRODUCT_NAME = "$(TARGET_NAME)";
			};
			name = Debug;
		};
		1DFF65041D1D0E34001D16D0 /* Release */ = {
			isa = XCBuildConfiguration;
			buildSettings = {
				ASSETCATALOG_COMPILER_APPICON_NAME = AppIcon;
				INFOPLIST_FILE = HLCycleScrollView/Info.plist;
				IPHONEOS_DEPLOYMENT_TARGET = 6.0;
				LD_RUNPATH_SEARCH_PATHS = "$(inherited) @executable_path/Frameworks";
				PRODUCT_BUNDLE_IDENTIFIER = LHL.HLCycleScrollView;
				PRODUCT_NAME = "$(TARGET_NAME)";
			};
			name = Release;
		};
/* End XCBuildConfiguration section */

/* Begin XCConfigurationList section */
		1DFF64E61D1D0E34001D16D0 /* Build configuration list for PBXProject "HLCycleScrollView" */ = {
			isa = XCConfigurationList;
			buildConfigurations = (
				1DFF65001D1D0E34001D16D0 /* Debug */,
				1DFF65011D1D0E34001D16D0 /* Release */,
			);
			defaultConfigurationIsVisible = 0;
			defaultConfigurationName = Release;
		};
		1DFF65021D1D0E34001D16D0 /* Build configuration list for PBXNativeTarget "HLCycleScrollView" */ = {
			isa = XCConfigurationList;
			buildConfigurations = (
				1DFF65031D1D0E34001D16D0 /* Debug */,
				1DFF65041D1D0E34001D16D0 /* Release */,
			);
			defaultConfigurationIsVisible = 0;
		};
/* End XCConfigurationList section */
	};
	rootObject = 1DFF64E31D1D0E34001D16D0 /* Project object */;
}
